<?xml version="1.0" encoding="utf-8"?>
<Project ToolsVersion="4.0" xmlns="http://schemas.microsoft.com/developer/msbuild/2003">
  <ItemGroup>
    <Filter Include="Source Files">
      <UniqueIdentifier>{4FC737F1-C7A5-4376-A066-2A32D752A2FF}</UniqueIdentifier>
      <Extensions>cpp;c;cc;cxx;def;odl;idl;hpj;bat;asm;asmx</Extensions>
    </Filter>
    <Filter Include="Header Files">
      <UniqueIdentifier>{93995380-89BD-4b04-88EB-625FBE52EBFB}</UniqueIdentifier>
      <Extensions>h;hh;hpp;hxx;hm;inl;inc;xsd</Extensions>
    </Filter>
    <Filter Include="Resource Files">
      <UniqueIdentifier>{67DA6AB6-F800-4c08-8B7A-83BB121AAD01}</UniqueIdentifier>
      <Extensions>rc;ico;cur;bmp;dlg;rc2;rct;bin;rgs;gif;jpg;jpeg;jpe;resx;tiff;tif;png;wav;mfcribbon-ms</Extensions>
    </Filter>
    <Filter Include="UTL">
      <UniqueIdentifier>{26d820dc-a39e-4980-a7a2-64d8686d1436}</UniqueIdentifier>
    </Filter>
  </ItemGroup>
  <ItemGroup>
    <ClCompile Include="solver.cpp">
      <Filter>Source Files</Filter>
    </ClCompile>
    <ClCompile Include="demo.cpp">
      <Filter>Source Files</Filter>
    </ClCompile>
    <ClCompile Include="helpers.cpp">
      <Filter>Source Files</Filter>
    </ClCompile>
    <ClCompile Include="Utility\UTL_Analysis.cpp">
      <Filter>UTL</Filter>
    </ClCompile>
    <ClCompile Include="Utility\UTL_General.cpp">
      <Filter>UTL</Filter>
    </ClCompile>
    <ClCompile Include="Utility\UTL_LinearSolvers.cpp">
      <Filter>UTL</Filter>
    </ClCompile>
  </ItemGroup>
  <ItemGroup>
    <ClInclude Include="helpers.h">
      <Filter>Header Files</Filter>
    </ClInclude>
    <ClInclude Include="Utility\UTL_Analysis.h">
      <Filter>UTL</Filter>
    </ClInclude>
    <ClInclude Include="Utility\UTL_General.h">
      <Filter>UTL</Filter>
    </ClInclude>
    <ClInclude Include="Utility\UTL_Grid.h">
      <Filter>UTL</Filter>
    </ClInclude>
    <ClInclude Include="Utility\UTL_LinearSolvers.h">
      <Filter>UTL</Filter>
    </ClInclude>
    <ClInclude Include="Utility\UTL_Matrix.h">
      <Filter>UTL</Filter>
    </ClInclude>
    <ClInclude Include="Utility\UTL_Vector.h">
      <Filter>UTL</Filter>
    </ClInclude>
    <ClInclude Include="Utility\PCGSolver\blas_wrapper.h">
      <Filter>UTL</Filter>
    </ClInclude>
    <ClInclude Include="Utility\PCGSolver\pcg_solver.h">
      <Filter>UTL</Filter>
    </ClInclude>
    <ClInclude Include="Utility\PCGSolver\sparse_matrix.h">
      <Filter>UTL</Filter>
    </ClInclude>
    <ClInclude Include="Utility\PCGSolver\util.h">
      <Filter>UTL</Filter>
    </ClInclude>
    <ClInclude Include="solver.h">
      <Filter>Header Files</Filter>
    </ClInclude>
  </ItemGroup>
  <ItemGroup>
    <Text Include="Utility\PCGSolver\ReadMe.txt">
      <Filter>UTL</Filter>
    </Text>
  </ItemGroup>
</Project>